Microsoft Visual Studio Solution File, Format Version 12.00
# Visual Studio Version 17
VisualStudioVersion = 17.5.2.0
MinimumVisualStudioVersion = 10.0.40219.1
Project("{FAE04EC0-301F-11D3-BF4B-00C04F79EFBC}") = "BugTrackingAPI", "BugTrackingAPI\BugTrackingAPI.csproj", "{785D7094-A679-2878-8ADE-A8E007B1790E}"
EndProject
Global
	GlobalSection(SolutionConfigurationPlatforms) = preSolution
		Debug|Any CPU = Debug|Any CPU
		Release|Any CPU = Release|Any CPU
	EndGlobalSection
	GlobalSection(ProjectConfigurationPlatforms) = postSolution
		{785D7094-A679-2878-8ADE-A8E007B1790E}.Debug|Any CPU.ActiveCfg = Debug|Any CPU
		{785D7094-A679-2878-8ADE-A8E007B1790E}.Debug|Any CPU.Build.0 = Debug|Any CPU
		{785D7094-A679-2878-8ADE-A8E007B1790E}.Release|Any CPU.ActiveCfg = Release|Any CPU
		{785D7094-A679-2878-8ADE-A8E007B1790E}.Release|Any CPU.Build.0 = Release|Any CPU
	EndGlobalSection
	GlobalSection(SolutionProperties) = preSolution
		HideSolutionNode = FALSE
	EndGlobalSection
	GlobalSection(ExtensibilityGlobals) = postSolution
		SolutionGuid = {6B8937A5-B263-4AF0-BCF6-37265D5839F7}
	EndGlobalSection
EndGlobal
