Microsoft Visual Studio Solution File, Format Version 12.00
# Visual Studio Version 17
VisualStudioVersion = 17.5.2.0
MinimumVisualStudioVersion = 10.0.40219.1
Project("{FAE04EC0-301F-11D3-BF4B-00C04F79EFBC}") = "ChienShopMigrationProject", "ChienShopMigrationProject\ChienShopMigrationProject.csproj", "{5DD6713F-92A0-E5D1-47A1-5F99690E3D03}"
EndProject
Global
	GlobalSection(SolutionConfigurationPlatforms) = preSolution
		Debug|Any CPU = Debug|Any CPU
		Release|Any CPU = Release|Any CPU
	EndGlobalSection
	GlobalSection(ProjectConfigurationPlatforms) = postSolution
		{5DD6713F-92A0-E5D1-47A1-5F99690E3D03}.Debug|Any CPU.ActiveCfg = Debug|Any CPU
		{5DD6713F-92A0-E5D1-47A1-5F99690E3D03}.Debug|Any CPU.Build.0 = Debug|Any CPU
		{5DD6713F-92A0-E5D1-47A1-5F99690E3D03}.Release|Any CPU.ActiveCfg = Release|Any CPU
		{5DD6713F-92A0-E5D1-47A1-5F99690E3D03}.Release|Any CPU.Build.0 = Release|Any CPU
	EndGlobalSection
	GlobalSection(SolutionProperties) = preSolution
		HideSolutionNode = FALSE
	EndGlobalSection
	GlobalSection(ExtensibilityGlobals) = postSolution
		SolutionGuid = {1F8C22FB-955D-4779-B5A8-CD51F44ED90C}
	EndGlobalSection
EndGlobal
