Microsoft Visual Studio Solution File, Format Version 12.00
# Visual Studio Version 17
VisualStudioVersion = 17.5.2.0
MinimumVisualStudioVersion = 10.0.40219.1
Project("{FAE04EC0-301F-11D3-BF4B-00C04F79EFBC}") = "DocNotifyAPI", "DocNotifyAPI\DocNotifyAPI.csproj", "{0147D65E-712C-88F3-4535-DCE97FB0FB22}"
EndProject
Global
	GlobalSection(SolutionConfigurationPlatforms) = preSolution
		Debug|Any CPU = Debug|Any CPU
		Release|Any CPU = Release|Any CPU
	EndGlobalSection
	GlobalSection(ProjectConfigurationPlatforms) = postSolution
		{0147D65E-712C-88F3-4535-DCE97FB0FB22}.Debug|Any CPU.ActiveCfg = Debug|Any CPU
		{0147D65E-712C-88F3-4535-DCE97FB0FB22}.Debug|Any CPU.Build.0 = Debug|Any CPU
		{0147D65E-712C-88F3-4535-DCE97FB0FB22}.Release|Any CPU.ActiveCfg = Release|Any CPU
		{0147D65E-712C-88F3-4535-DCE97FB0FB22}.Release|Any CPU.Build.0 = Release|Any CPU
	EndGlobalSection
	GlobalSection(SolutionProperties) = preSolution
		HideSolutionNode = FALSE
	EndGlobalSection
	GlobalSection(ExtensibilityGlobals) = postSolution
		SolutionGuid = {474DD1FB-9925-469B-BC2E-86B0FBC959CA}
	EndGlobalSection
EndGlobal
